
Microsoft Visual Studio Solution File, Format Version 12.00
# Visual Studio Version 16
VisualStudioVersion = 16.0.29102.190
MinimumVisualStudioVersion = 10.0.40219.1
Project("{9A19103F-16F7-4668-BE54-9A1E7A4F7556}") = "SideCar.Demo", "SideCar.Demo\SideCar.Demo.csproj", "{7498DF8B-C93A-44C1-8390-C7AE0C26A7E3}"
EndProject
Project("{9A19103F-16F7-4668-BE54-9A1E7A4F7556}") = "SideCar", "SideCar\SideCar.csproj", "{149E70A2-6B2C-475F-A078-342D5C1A9F7A}"
EndProject
Project("{9A19103F-16F7-4668-BE54-9A1E7A4F7556}") = "SideCar.AspNetCore", "SideCar.AspNetCore\SideCar.AspNetCore.csproj", "{A1927412-42A6-458D-BA5C-2A99C8D9B5C6}"
EndProject
Project("{9A19103F-16F7-4668-BE54-9A1E7A4F7556}") = "SideCar.Demo.Dependency", "SideCar.Demo.Dependency\SideCar.Demo.Dependency.csproj", "{477FD663-7A22-40CF-9626-81863AAF504B}"
EndProject
Project("{2150E333-8FDC-42A3-9474-1A3956D46DE8}") = "Solution Items", "Solution Items", "{98716785-010F-444E-A259-D56395B41317}"
	ProjectSection(SolutionItems) = preProject
		LICENSE = LICENSE
		README.md = README.md
	EndProjectSection
EndProject
Global
	GlobalSection(SolutionConfigurationPlatforms) = preSolution
		Debug|Any CPU = Debug|Any CPU
		Package|Any CPU = Package|Any CPU
		Release|Any CPU = Release|Any CPU
	EndGlobalSection
	GlobalSection(ProjectConfigurationPlatforms) = postSolution
		{7498DF8B-C93A-44C1-8390-C7AE0C26A7E3}.Debug|Any CPU.ActiveCfg = Debug|Any CPU
		{7498DF8B-C93A-44C1-8390-C7AE0C26A7E3}.Debug|Any CPU.Build.0 = Debug|Any CPU
		{7498DF8B-C93A-44C1-8390-C7AE0C26A7E3}.Package|Any CPU.ActiveCfg = Release|Any CPU
		{7498DF8B-C93A-44C1-8390-C7AE0C26A7E3}.Package|Any CPU.Build.0 = Release|Any CPU
		{7498DF8B-C93A-44C1-8390-C7AE0C26A7E3}.Release|Any CPU.ActiveCfg = Release|Any CPU
		{7498DF8B-C93A-44C1-8390-C7AE0C26A7E3}.Release|Any CPU.Build.0 = Release|Any CPU
		{149E70A2-6B2C-475F-A078-342D5C1A9F7A}.Debug|Any CPU.ActiveCfg = Debug|Any CPU
		{149E70A2-6B2C-475F-A078-342D5C1A9F7A}.Debug|Any CPU.Build.0 = Debug|Any CPU
		{149E70A2-6B2C-475F-A078-342D5C1A9F7A}.Package|Any CPU.ActiveCfg = Package|Any CPU
		{149E70A2-6B2C-475F-A078-342D5C1A9F7A}.Package|Any CPU.Build.0 = Package|Any CPU
		{149E70A2-6B2C-475F-A078-342D5C1A9F7A}.Release|Any CPU.ActiveCfg = Release|Any CPU
		{149E70A2-6B2C-475F-A078-342D5C1A9F7A}.Release|Any CPU.Build.0 = Release|Any CPU
		{A1927412-42A6-458D-BA5C-2A99C8D9B5C6}.Debug|Any CPU.ActiveCfg = Debug|Any CPU
		{A1927412-42A6-458D-BA5C-2A99C8D9B5C6}.Debug|Any CPU.Build.0 = Debug|Any CPU
		{A1927412-42A6-458D-BA5C-2A99C8D9B5C6}.Package|Any CPU.ActiveCfg = Package|Any CPU
		{A1927412-42A6-458D-BA5C-2A99C8D9B5C6}.Package|Any CPU.Build.0 = Package|Any CPU
		{A1927412-42A6-458D-BA5C-2A99C8D9B5C6}.Release|Any CPU.ActiveCfg = Release|Any CPU
		{A1927412-42A6-458D-BA5C-2A99C8D9B5C6}.Release|Any CPU.Build.0 = Release|Any CPU
		{477FD663-7A22-40CF-9626-81863AAF504B}.Debug|Any CPU.ActiveCfg = Debug|Any CPU
		{477FD663-7A22-40CF-9626-81863AAF504B}.Debug|Any CPU.Build.0 = Debug|Any CPU
		{477FD663-7A22-40CF-9626-81863AAF504B}.Package|Any CPU.ActiveCfg = Release|Any CPU
		{477FD663-7A22-40CF-9626-81863AAF504B}.Package|Any CPU.Build.0 = Release|Any CPU
		{477FD663-7A22-40CF-9626-81863AAF504B}.Release|Any CPU.ActiveCfg = Release|Any CPU
		{477FD663-7A22-40CF-9626-81863AAF504B}.Release|Any CPU.Build.0 = Release|Any CPU
	EndGlobalSection
	GlobalSection(SolutionProperties) = preSolution
		HideSolutionNode = FALSE
	EndGlobalSection
	GlobalSection(ExtensibilityGlobals) = postSolution
		SolutionGuid = {7764B098-8228-4059-811A-EA1B6402E25F}
	EndGlobalSection
EndGlobal
